// !$*UTF8*$!
{
	archiveVersion = 1;
	classes = {
	};
	objectVersion = 56;
	objects = {

/* Begin PBXBuildFile section */
		1C8EB6662D68EEB70068DDCB /* sleepAppApp.swift in Sources */ = {isa = PBXBuildFile; fileRef = 1C8EB6652D68EEB70068DDCB /* sleepAppApp.swift */; };
		1C8EB6682D68EEB70068DDCB /* ContentView.swift in Sources */ = {isa = PBXBuildFile; fileRef = 1C8EB6672D68EEB70068DDCB /* ContentView.swift */; };
		1C8EB66A2D68EEB90068DDCB /* Assets.xcassets in Resources */ = {isa = PBXBuildFile; fileRef = 1C8EB6692D68EEB90068DDCB /* Assets.xcassets */; };
		1C8EB66D2D68EEB90068DDCB /* Preview Assets.xcassets in Resources */ = {isa = PBXBuildFile; fileRef = 1C8EB66C2D68EEB90068DDCB /* Preview Assets.xcassets */; };
		1C8EB6772D68EEB90068DDCB /* sleepAppTests.swift in Sources */ = {isa = PBXBuildFile; fileRef = 1C8EB6762D68EEB90068DDCB /* sleepAppTests.swift */; };
		1C8EB6812D68EEB90068DDCB /* sleepAppUITests.swift in Sources */ = {isa = PBXBuildFile; fileRef = 1C8EB6802D68EEB90068DDCB /* sleepAppUITests.swift */; };
		1C8EB6832D68EEB90068DDCB /* sleepAppUITestsLaunchTests.swift in Sources */ = {isa = PBXBuildFile; fileRef = 1C8EB6822D68EEB90068DDCB /* sleepAppUITestsLaunchTests.swift */; };
/* End PBXBuildFile section */

/* Begin PBXContainerItemProxy section */
		1C8EB6732D68EEB90068DDCB /* PBXContainerItemProxy */ = {
			isa = PBXContainerItemProxy;
			containerPortal = 1C8EB65A2D68EEB70068DDCB /* Project object */;
			proxyType = 1;
			remoteGlobalIDString = 1C8EB6612D68EEB70068DDCB;
			remoteInfo = sleepApp;
		};
		1C8EB67D2D68EEB90068DDCB /* PBXContainerItemProxy */ = {
			isa = PBXContainerItemProxy;
			containerPortal = 1C8EB65A2D68EEB70068DDCB /* Project object */;
			proxyType = 1;
			remoteGlobalIDString = 1C8EB6612D68EEB70068DDCB;
			remoteInfo = sleepApp;
		};
/* End PBXContainerItemProxy section */

/* Begin PBXFileReference section */
		1C8EB6622D68EEB70068DDCB /* sleepApp.app */ = {isa = PBXFileReference; explicitFileType = wrapper.application; includeInIndex = 0; path = sleepApp.app; sourceTree = BUILT_PRODUCTS_DIR; };
		1C8EB6652D68EEB70068DDCB /* sleepAppApp.swift */ = {isa = PBXFileReference; lastKnownFileType = sourcecode.swift; path = sleepAppApp.swift; sourceTree = "<group>"; };
		1C8EB6672D68EEB70068DDCB /* ContentView.swift */ = {isa = PBXFileReference; lastKnownFileType = sourcecode.swift; path = ContentView.swift; sourceTree = "<group>"; };
		1C8EB6692D68EEB90068DDCB /* Assets.xcassets */ = {isa = PBXFileReference; lastKnownFileType = folder.assetcatalog; path = Assets.xcassets; sourceTree = "<group>"; };
		1C8EB66C2D68EEB90068DDCB /* Preview Assets.xcassets */ = {isa = PBXFileReference; lastKnownFileType = folder.assetcatalog; path = "Preview Assets.xcassets"; sourceTree = "<group>"; };
		1C8EB6722D68EEB90068DDCB /* sleepAppTests.xctest */ = {isa = PBXFileReference; explicitFileType = wrapper.cfbundle; includeInIndex = 0; path = sleepAppTests.xctest; sourceTree = BUILT_PRODUCTS_DIR; };
		1C8EB6762D68EEB90068DDCB /* sleepAppTests.swift */ = {isa = PBXFileReference; lastKnownFileType = sourcecode.swift; path = sleepAppTests.swift; sourceTree = "<group>"; };
		1C8EB67C2D68EEB90068DDCB /* sleepAppUITests.xctest */ = {isa = PBXFileReference; explicitFileType = wrapper.cfbundle; includeInIndex = 0; path = sleepAppUITests.xctest; sourceTree = BUILT_PRODUCTS_DIR; };
		1C8EB6802D68EEB90068DDCB /* sleepAppUITests.swift */ = {isa = PBXFileReference; lastKnownFileType = sourcecode.swift; path = sleepAppUITests.swift; sourceTree = "<group>"; };
		1C8EB6822D68EEB90068DDCB /* sleepAppUITestsLaunchTests.swift */ = {isa = PBXFileReference; lastKnownFileType = sourcecode.swift; path = sleepAppUITestsLaunchTests.swift; sourceTree = "<group>"; };
/* End PBXFileReference section */

/* Begin PBXFrameworksBuildPhase section */
		1C8EB65F2D68EEB70068DDCB /* Frameworks */ = {
			isa = PBXFrameworksBuildPhase;
			buildActionMask = 2147483647;
			files = (
			);
			runOnlyForDeploymentPostprocessing = 0;
		};
		1C8EB66F2D68EEB90068DDCB /* Frameworks */ = {
			isa = PBXFrameworksBuildPhase;
			buildActionMask = 2147483647;
			files = (
			);
			runOnlyForDeploymentPostprocessing = 0;
		};
		1C8EB6792D68EEB90068DDCB /* Frameworks */ = {
			isa = PBXFrameworksBuildPhase;
			buildActionMask = 2147483647;
			files = (
			);
			runOnlyForDeploymentPostprocessing = 0;
		};
/* End PBXFrameworksBuildPhase section */

/* Begin PBXGroup section */
		1C8EB6592D68EEB70068DDCB = {
			isa = PBXGroup;
			children = (
				1C8EB6642D68EEB70068DDCB /* sleepApp */,
				1C8EB6752D68EEB90068DDCB /* sleepAppTests */,
				1C8EB67F2D68EEB90068DDCB /* sleepAppUITests */,
				1C8EB6632D68EEB70068DDCB /* Products */,
			);
			sourceTree = "<group>";
		};
		1C8EB6632D68EEB70068DDCB /* Products */ = {
			isa = PBXGroup;
			children = (
				1C8EB6622D68EEB70068DDCB /* sleepApp.app */,
				1C8EB6722D68EEB90068DDCB /* sleepAppTests.xctest */,
				1C8EB67C2D68EEB90068DDCB /* sleepAppUITests.xctest */,
			);
			name = Products;
			sourceTree = "<group>";
		};
		1C8EB6642D68EEB70068DDCB /* sleepApp */ = {
			isa = PBXGroup;
			children = (
				1C8EB6652D68EEB70068DDCB /* sleepAppApp.swift */,
				1C8EB6672D68EEB70068DDCB /* ContentView.swift */,
				1C8EB6692D68EEB90068DDCB /* Assets.xcassets */,
				1C8EB66B2D68EEB90068DDCB /* Preview Content */,
			);
			path = sleepApp;
			sourceTree = "<group>";
		};
		1C8EB66B2D68EEB90068DDCB /* Preview Content */ = {
			isa = PBXGroup;
			children = (
				1C8EB66C2D68EEB90068DDCB /* Preview Assets.xcassets */,
			);
			path = "Preview Content";
			sourceTree = "<group>";
		};
		1C8EB6752D68EEB90068DDCB /* sleepAppTests */ = {
			isa = PBXGroup;
			children = (
				1C8EB6762D68EEB90068DDCB /* sleepAppTests.swift */,
			);
			path = sleepAppTests;
			sourceTree = "<group>";
		};
		1C8EB67F2D68EEB90068DDCB /* sleepAppUITests */ = {
			isa = PBXGroup;
			children = (
				1C8EB6802D68EEB90068DDCB /* sleepAppUITests.swift */,
				1C8EB6822D68EEB90068DDCB /* sleepAppUITestsLaunchTests.swift */,
			);
			path = sleepAppUITests;
			sourceTree = "<group>";
		};
/* End PBXGroup section */

/* Begin PBXNativeTarget section */
		1C8EB6612D68EEB70068DDCB /* sleepApp */ = {
			isa = PBXNativeTarget;
			buildConfigurationList = 1C8EB6862D68EEB90068DDCB /* Build configuration list for PBXNativeTarget "sleepApp" */;
			buildPhases = (
				1C8EB65E2D68EEB70068DDCB /* Sources */,
				1C8EB65F2D68EEB70068DDCB /* Frameworks */,
				1C8EB6602D68EEB70068DDCB /* Resources */,
			);
			buildRules = (
			);
			dependencies = (
			);
			name = sleepApp;
			productName = sleepApp;
			productReference = 1C8EB6622D68EEB70068DDCB /* sleepApp.app */;
			productType = "com.apple.product-type.application";
		};
		1C8EB6712D68EEB90068DDCB /* sleepAppTests */ = {
			isa = PBXNativeTarget;
			buildConfigurationList = 1C8EB6892D68EEB90068DDCB /* Build configuration list for PBXNativeTarget "sleepAppTests" */;
			buildPhases = (
				1C8EB66E2D68EEB90068DDCB /* Sources */,
				1C8EB66F2D68EEB90068DDCB /* Frameworks */,
				1C8EB6702D68EEB90068DDCB /* Resources */,
			);
			buildRules = (
			);
			dependencies = (
				1C8EB6742D68EEB90068DDCB /* PBXTargetDependency */,
			);
			name = sleepAppTests;
			productName = sleepAppTests;
			productReference = 1C8EB6722D68EEB90068DDCB /* sleepAppTests.xctest */;
			productType = "com.apple.product-type.bundle.unit-test";
		};
		1C8EB67B2D68EEB90068DDCB /* sleepAppUITests */ = {
			isa = PBXNativeTarget;
			buildConfigurationList = 1C8EB68C2D68EEB90068DDCB /* Build configuration list for PBXNativeTarget "sleepAppUITests" */;
			buildPhases = (
				1C8EB6782D68EEB90068DDCB /* Sources */,
				1C8EB6792D68EEB90068DDCB /* Frameworks */,
				1C8EB67A2D68EEB90068DDCB /* Resources */,
			);
			buildRules = (
			);
			dependencies = (
				1C8EB67E2D68EEB90068DDCB /* PBXTargetDependency */,
			);
			name = sleepAppUITests;
			productName = sleepAppUITests;
			productReference = 1C8EB67C2D68EEB90068DDCB /* sleepAppUITests.xctest */;
			productType = "com.apple.product-type.bundle.ui-testing";
		};
/* End PBXNativeTarget section */

/* Begin PBXProject section */
		1C8EB65A2D68EEB70068DDCB /* Project object */ = {
			isa = PBXProject;
			attributes = {
				BuildIndependentTargetsInParallel = 1;
				LastSwiftUpdateCheck = 1540;
				LastUpgradeCheck = 1540;
				TargetAttributes = {
					1C8EB6612D68EEB70068DDCB = {
						CreatedOnToolsVersion = 15.4;
					};
					1C8EB6712D68EEB90068DDCB = {
						CreatedOnToolsVersion = 15.4;
						TestTargetID = 1C8EB6612D68EEB70068DDCB;
					};
					1C8EB67B2D68EEB90068DDCB = {
						CreatedOnToolsVersion = 15.4;
						TestTargetID = 1C8EB6612D68EEB70068DDCB;
					};
				};
			};
			buildConfigurationList = 1C8EB65D2D68EEB70068DDCB /* Build configuration list for PBXProject "sleepApp" */;
			compatibilityVersion = "Xcode 14.0";
			developmentRegion = en;
			hasScannedForEncodings = 0;
			knownRegions = (
				en,
				Base,
			);
			mainGroup = 1C8EB6592D68EEB70068DDCB;
			productRefGroup = 1C8EB6632D68EEB70068DDCB /* Products */;
			projectDirPath = "";
			projectRoot = "";
			targets = (
				1C8EB6612D68EEB70068DDCB /* sleepApp */,
				1C8EB6712D68EEB90068DDCB /* sleepAppTests */,
				1C8EB67B2D68EEB90068DDCB /* sleepAppUITests */,
			);
		};
/* End PBXProject section */

/* Begin PBXResourcesBuildPhase section */
		1C8EB6602D68EEB70068DDCB /* Resources */ = {
			isa = PBXResourcesBuildPhase;
			buildActionMask = 2147483647;
			files = (
				1C8EB66D2D68EEB90068DDCB /* Preview Assets.xcassets in Resources */,
				1C8EB66A2D68EEB90068DDCB /* Assets.xcassets in Resources */,
			);
			runOnlyForDeploymentPostprocessing = 0;
		};
		1C8EB6702D68EEB90068DDCB /* Resources */ = {
			isa = PBXResourcesBuildPhase;
			buildActionMask = 2147483647;
			files = (
			);
			runOnlyForDeploymentPostprocessing = 0;
		};
		1C8EB67A2D68EEB90068DDCB /* Resources */ = {
			isa = PBXResourcesBuildPhase;
			buildActionMask = 2147483647;
			files = (
			);
			runOnlyForDeploymentPostprocessing = 0;
		};
/* End PBXResourcesBuildPhase section */

/* Begin PBXSourcesBuildPhase section */
		1C8EB65E2D68EEB70068DDCB /* Sources */ = {
			isa = PBXSourcesBuildPhase;
			buildActionMask = 2147483647;
			files = (
				1C8EB6682D68EEB70068DDCB /* ContentView.swift in Sources */,
				1C8EB6662D68EEB70068DDCB /* sleepAppApp.swift in Sources */,
			);
			runOnlyForDeploymentPostprocessing = 0;
		};
		1C8EB66E2D68EEB90068DDCB /* Sources */ = {
			isa = PBXSourcesBuildPhase;
			buildActionMask = 2147483647;
			files = (
				1C8EB6772D68EEB90068DDCB /* sleepAppTests.swift in Sources */,
			);
			runOnlyForDeploymentPostprocessing = 0;
		};
		1C8EB6782D68EEB90068DDCB /* Sources */ = {
			isa = PBXSourcesBuildPhase;
			buildActionMask = 2147483647;
			files = (
				1C8EB6832D68EEB90068DDCB /* sleepAppUITestsLaunchTests.swift in Sources */,
				1C8EB6812D68EEB90068DDCB /* sleepAppUITests.swift in Sources */,
			);
			runOnlyForDeploymentPostprocessing = 0;
		};
/* End PBXSourcesBuildPhase section */

/* Begin PBXTargetDependency section */
		1C8EB6742D68EEB90068DDCB /* PBXTargetDependency */ = {
			isa = PBXTargetDependency;
			target = 1C8EB6612D68EEB70068DDCB /* sleepApp */;
			targetProxy = 1C8EB6732D68EEB90068DDCB /* PBXContainerItemProxy */;
		};
		1C8EB67E2D68EEB90068DDCB /* PBXTargetDependency */ = {
			isa = PBXTargetDependency;
			target = 1C8EB6612D68EEB70068DDCB /* sleepApp */;
			targetProxy = 1C8EB67D2D68EEB90068DDCB /* PBXContainerItemProxy */;
		};
/* End PBXTargetDependency section */

/* Begin XCBuildConfiguration section */
		1C8EB6842D68EEB90068DDCB /* Debug */ = {
			isa = XCBuildConfiguration;
			buildSettings = {
				ALWAYS_SEARCH_USER_PATHS = NO;
				ASSETCATALOG_COMPILER_GENERATE_SWIFT_ASSET_SYMBOL_EXTENSIONS = YES;
				CLANG_ANALYZER_NONNULL = YES;
				CLANG_ANALYZER_NUMBER_OBJECT_CONVERSION = YES_AGGRESSIVE;
				CLANG_CXX_LANGUAGE_STANDARD = "gnu++20";
				CLANG_ENABLE_MODULES = YES;
				CLANG_ENABLE_OBJC_ARC = YES;
				CLANG_ENABLE_OBJC_WEAK = YES;
				CLANG_WARN_BLOCK_CAPTURE_AUTORELEASING = YES;
				CLANG_WARN_BOOL_CONVERSION = YES;
				CLANG_WARN_COMMA = YES;
				CLANG_WARN_CONSTANT_CONVERSION = YES;
				CLANG_WARN_DEPRECATED_OBJC_IMPLEMENTATIONS = YES;
				CLANG_WARN_DIRECT_OBJC_ISA_USAGE = YES_ERROR;
				CLANG_WARN_DOCUMENTATION_COMMENTS = YES;
				CLANG_WARN_EMPTY_BODY = YES;
				CLANG_WARN_ENUM_CONVERSION = YES;
				CLANG_WARN_INFINITE_RECURSION = YES;
				CLANG_WARN_INT_CONVERSION = YES;
				CLANG_WARN_NON_LITERAL_NULL_CONVERSION = YES;
				CLANG_WARN_OBJC_IMPLICIT_RETAIN_SELF = YES;
				CLANG_WARN_OBJC_LITERAL_CONVERSION = YES;
				CLANG_WARN_OBJC_ROOT_CLASS = YES_ERROR;
				CLANG_WARN_QUOTED_INCLUDE_IN_FRAMEWORK_HEADER = YES;
				CLANG_WARN_RANGE_LOOP_ANALYSIS = YES;
				CLANG_WARN_STRICT_PROTOTYPES = YES;
				CLANG_WARN_SUSPICIOUS_MOVE = YES;
				CLANG_WARN_UNGUARDED_AVAILABILITY = YES_AGGRESSIVE;
				CLANG_WARN_UNREACHABLE_CODE = YES;
				CLANG_WARN__DUPLICATE_METHOD_MATCH = YES;
				COPY_PHASE_STRIP = NO;
				DEBUG_INFORMATION_FORMAT = dwarf;
				ENABLE_STRICT_OBJC_MSGSEND = YES;
				ENABLE_TESTABILITY = YES;
				ENABLE_USER_SCRIPT_SANDBOXING = YES;
				GCC_C_LANGUAGE_STANDARD = gnu17;
				GCC_DYNAMIC_NO_PIC = NO;
				GCC_NO_COMMON_BLOCKS = YES;
				GCC_OPTIMIZATION_LEVEL = 0;
				GCC_PREPROCESSOR_DEFINITIONS = (
					"DEBUG=1",
					"$(inherited)",
				);
				GCC_WARN_64_TO_32_BIT_CONVERSION = YES;
				GCC_WARN_ABOUT_RETURN_TYPE = YES_ERROR;
				GCC_WARN_UNDECLARED_SELECTOR = YES;
				GCC_WARN_UNINITIALIZED_AUTOS = YES_AGGRESSIVE;
				GCC_WARN_UNUSED_FUNCTION = YES;
				GCC_WARN_UNUSED_VARIABLE = YES;
				IPHONEOS_DEPLOYMENT_TARGET = 17.5;
				LOCALIZATION_PREFERS_STRING_CATALOGS = YES;
				MTL_ENABLE_DEBUG_INFO = INCLUDE_SOURCE;
				MTL_FAST_MATH = YES;
				ONLY_ACTIVE_ARCH = YES;
				SDKROOT = iphoneos;
				SWIFT_ACTIVE_COMPILATION_CONDITIONS = "DEBUG $(inherited)";
				SWIFT_OPTIMIZATION_LEVEL = "-Onone";
			};
			name = Debug;
		};
		1C8EB6852D68EEB90068DDCB /* Release */ = {
			isa = XCBuildConfiguration;
			buildSettings = {
				ALWAYS_SEARCH_USER_PATHS = NO;
				ASSETCATALOG_COMPILER_GENERATE_SWIFT_ASSET_SYMBOL_EXTENSIONS = YES;
				CLANG_ANALYZER_NONNULL = YES;
				CLANG_ANALYZER_NUMBER_OBJECT_CONVERSION = YES_AGGRESSIVE;
				CLANG_CXX_LANGUAGE_STANDARD = "gnu++20";
				CLANG_ENABLE_MODULES = YES;
				CLANG_ENABLE_OBJC_ARC = YES;
				CLANG_ENABLE_OBJC_WEAK = YES;
				CLANG_WARN_BLOCK_CAPTURE_AUTORELEASING = YES;
				CLANG_WARN_BOOL_CONVERSION = YES;
				CLANG_WARN_COMMA = YES;
				CLANG_WARN_CONSTANT_CONVERSION = YES;
				CLANG_WARN_DEPRECATED_OBJC_IMPLEMENTATIONS = YES;
				CLANG_WARN_DIRECT_OBJC_ISA_USAGE = YES_ERROR;
				CLANG_WARN_DOCUMENTATION_COMMENTS = YES;
				CLANG_WARN_EMPTY_BODY = YES;
				CLANG_WARN_ENUM_CONVERSION = YES;
				CLANG_WARN_INFINITE_RECURSION = YES;
				CLANG_WARN_INT_CONVERSION = YES;
				CLANG_WARN_NON_LITERAL_NULL_CONVERSION = YES;
				CLANG_WARN_OBJC_IMPLICIT_RETAIN_SELF = YES;
				CLANG_WARN_OBJC_LITERAL_CONVERSION = YES;
				CLANG_WARN_OBJC_ROOT_CLASS = YES_ERROR;
				CLANG_WARN_QUOTED_INCLUDE_IN_FRAMEWORK_HEADER = YES;
				CLANG_WARN_RANGE_LOOP_ANALYSIS = YES;
				CLANG_WARN_STRICT_PROTOTYPES = YES;
				CLANG_WARN_SUSPICIOUS_MOVE = YES;
				CLANG_WARN_UNGUARDED_AVAILABILITY = YES_AGGRESSIVE;
				CLANG_WARN_UNREACHABLE_CODE = YES;
				CLANG_WARN__DUPLICATE_METHOD_MATCH = YES;
				COPY_PHASE_STRIP = NO;
				DEBUG_INFORMATION_FORMAT = "dwarf-with-dsym";
				ENABLE_NS_ASSERTIONS = NO;
				ENABLE_STRICT_OBJC_MSGSEND = YES;
				ENABLE_USER_SCRIPT_SANDBOXING = YES;
				GCC_C_LANGUAGE_STANDARD = gnu17;
				GCC_NO_COMMON_BLOCKS = YES;
				GCC_WARN_64_TO_32_BIT_CONVERSION = YES;
				GCC_WARN_ABOUT_RETURN_TYPE = YES_ERROR;
				GCC_WARN_UNDECLARED_SELECTOR = YES;
				GCC_WARN_UNINITIALIZED_AUTOS = YES_AGGRESSIVE;
				GCC_WARN_UNUSED_FUNCTION = YES;
				GCC_WARN_UNUSED_VARIABLE = YES;
				IPHONEOS_DEPLOYMENT_TARGET = 17.5;
				LOCALIZATION_PREFERS_STRING_CATALOGS = YES;
				MTL_ENABLE_DEBUG_INFO = NO;
				MTL_FAST_MATH = YES;
				SDKROOT = iphoneos;
				SWIFT_COMPILATION_MODE = wholemodule;
				VALIDATE_PRODUCT = YES;
			};
			name = Release;
		};
		1C8EB6872D68EEB90068DDCB /* Debug */ = {
			isa = XCBuildConfiguration;
			buildSettings = {
				ASSETCATALOG_COMPILER_APPICON_NAME = AppIcon;
				ASSETCATALOG_COMPILER_GLOBAL_ACCENT_COLOR_NAME = AccentColor;
				CODE_SIGN_STYLE = Automatic;
				CURRENT_PROJECT_VERSION = 1;
				DEVELOPMENT_ASSET_PATHS = "\"sleepApp/Preview Content\"";
				ENABLE_PREVIEWS = YES;
				GENERATE_INFOPLIST_FILE = YES;
				INFOPLIST_KEY_UIApplicationSceneManifest_Generation = YES;
				INFOPLIST_KEY_UIApplicationSupportsIndirectInputEvents = YES;
				INFOPLIST_KEY_UILaunchScreen_Generation = YES;
				INFOPLIST_KEY_UISupportedInterfaceOrientations_iPad = "UIInterfaceOrientationPortrait UIInterfaceOrientationPortraitUpsideDown UIInterfaceOrientationLandscapeLeft UIInterfaceOrientationLandscapeRight";
				INFOPLIST_KEY_UISupportedInterfaceOrientations_iPhone = "UIInterfaceOrientationPortrait UIInterfaceOrientationLandscapeLeft UIInterfaceOrientationLandscapeRight";
				LD_RUNPATH_SEARCH_PATHS = (
					"$(inherited)",
					"@executable_path/Frameworks",
				);
				MARKETING_VERSION = 1.0;
				PRODUCT_BUNDLE_IDENTIFIER = Me.sleepApp;
				PRODUCT_NAME = "$(TARGET_NAME)";
				SWIFT_EMIT_LOC_STRINGS = YES;
				SWIFT_VERSION = 5.0;
				TARGETED_DEVICE_FAMILY = "1,2";
			};
			name = Debug;
		};
		1C8EB6882D68EEB90068DDCB /* Release */ = {
			isa = XCBuildConfiguration;
			buildSettings = {
				ASSETCATALOG_COMPILER_APPICON_NAME = AppIcon;
				ASSETCATALOG_COMPILER_GLOBAL_ACCENT_COLOR_NAME = AccentColor;
				CODE_SIGN_STYLE = Automatic;
				CURRENT_PROJECT_VERSION = 1;
				DEVELOPMENT_ASSET_PATHS = "\"sleepApp/Preview Content\"";
				ENABLE_PREVIEWS = YES;
				GENERATE_INFOPLIST_FILE = YES;
				INFOPLIST_KEY_UIApplicationSceneManifest_Generation = YES;
				INFOPLIST_KEY_UIApplicationSupportsIndirectInputEvents = YES;
				INFOPLIST_KEY_UILaunchScreen_Generation = YES;
				INFOPLIST_KEY_UISupportedInterfaceOrientations_iPad = "UIInterfaceOrientationPortrait UIInterfaceOrientationPortraitUpsideDown UIInterfaceOrientationLandscapeLeft UIInterfaceOrientationLandscapeRight";
				INFOPLIST_KEY_UISupportedInterfaceOrientations_iPhone = "UIInterfaceOrientationPortrait UIInterfaceOrientationLandscapeLeft UIInterfaceOrientationLandscapeRight";
				LD_RUNPATH_SEARCH_PATHS = (
					"$(inherited)",
					"@executable_path/Frameworks",
				);
				MARKETING_VERSION = 1.0;
				PRODUCT_BUNDLE_IDENTIFIER = Me.sleepApp;
				PRODUCT_NAME = "$(TARGET_NAME)";
				SWIFT_EMIT_LOC_STRINGS = YES;
				SWIFT_VERSION = 5.0;
				TARGETED_DEVICE_FAMILY = "1,2";
			};
			name = Release;
		};
		1C8EB68A2D68EEB90068DDCB /* Debug */ = {
			isa = XCBuildConfiguration;
			buildSettings = {
				ALWAYS_EMBED_SWIFT_STANDARD_LIBRARIES = YES;
				BUNDLE_LOADER = "$(TEST_HOST)";
				CODE_SIGN_STYLE = Automatic;
				CURRENT_PROJECT_VERSION = 1;
				GENERATE_INFOPLIST_FILE = YES;
				IPHONEOS_DEPLOYMENT_TARGET = 17.5;
				MARKETING_VERSION = 1.0;
				PRODUCT_BUNDLE_IDENTIFIER = Me.sleepAppTests;
				PRODUCT_NAME = "$(TARGET_NAME)";
				SWIFT_EMIT_LOC_STRINGS = NO;
				SWIFT_VERSION = 5.0;
				TARGETED_DEVICE_FAMILY = "1,2";
				TEST_HOST = "$(BUILT_PRODUCTS_DIR)/sleepApp.app/$(BUNDLE_EXECUTABLE_FOLDER_PATH)/sleepApp";
			};
			name = Debug;
		};
		1C8EB68B2D68EEB90068DDCB /* Release */ = {
			isa = XCBuildConfiguration;
			buildSettings = {
				ALWAYS_EMBED_SWIFT_STANDARD_LIBRARIES = YES;
				BUNDLE_LOADER = "$(TEST_HOST)";
				CODE_SIGN_STYLE = Automatic;
				CURRENT_PROJECT_VERSION = 1;
				GENERATE_INFOPLIST_FILE = YES;
				IPHONEOS_DEPLOYMENT_TARGET = 17.5;
				MARKETING_VERSION = 1.0;
				PRODUCT_BUNDLE_IDENTIFIER = Me.sleepAppTests;
				PRODUCT_NAME = "$(TARGET_NAME)";
				SWIFT_EMIT_LOC_STRINGS = NO;
				SWIFT_VERSION = 5.0;
				TARGETED_DEVICE_FAMILY = "1,2";
				TEST_HOST = "$(BUILT_PRODUCTS_DIR)/sleepApp.app/$(BUNDLE_EXECUTABLE_FOLDER_PATH)/sleepApp";
			};
			name = Release;
		};
		1C8EB68D2D68EEB90068DDCB /* Debug */ = {
			isa = XCBuildConfiguration;
			buildSettings = {
				ALWAYS_EMBED_SWIFT_STANDARD_LIBRARIES = YES;
				CODE_SIGN_STYLE = Automatic;
				CURRENT_PROJECT_VERSION = 1;
				GENERATE_INFOPLIST_FILE = YES;
				MARKETING_VERSION = 1.0;
				PRODUCT_BUNDLE_IDENTIFIER = Me.sleepAppUITests;
				PRODUCT_NAME = "$(TARGET_NAME)";
				SWIFT_EMIT_LOC_STRINGS = NO;
				SWIFT_VERSION = 5.0;
				TARGETED_DEVICE_FAMILY = "1,2";
				TEST_TARGET_NAME = sleepApp;
			};
			name = Debug;
		};
		1C8EB68E2D68EEB90068DDCB /* Release */ = {
			isa = XCBuildConfiguration;
			buildSettings = {
				ALWAYS_EMBED_SWIFT_STANDARD_LIBRARIES = YES;
				CODE_SIGN_STYLE = Automatic;
				CURRENT_PROJECT_VERSION = 1;
				GENERATE_INFOPLIST_FILE = YES;
				MARKETING_VERSION = 1.0;
				PRODUCT_BUNDLE_IDENTIFIER = Me.sleepAppUITests;
				PRODUCT_NAME = "$(TARGET_NAME)";
				SWIFT_EMIT_LOC_STRINGS = NO;
				SWIFT_VERSION = 5.0;
				TARGETED_DEVICE_FAMILY = "1,2";
				TEST_TARGET_NAME = sleepApp;
			};
			name = Release;
		};
/* End XCBuildConfiguration section */

/* Begin XCConfigurationList section */
		1C8EB65D2D68EEB70068DDCB /* Build configuration list for PBXProject "sleepApp" */ = {
			isa = XCConfigurationList;
			buildConfigurations = (
				1C8EB6842D68EEB90068DDCB /* Debug */,
				1C8EB6852D68EEB90068DDCB /* Release */,
			);
			defaultConfigurationIsVisible = 0;
			defaultConfigurationName = Release;
		};
		1C8EB6862D68EEB90068DDCB /* Build configuration list for PBXNativeTarget "sleepApp" */ = {
			isa = XCConfigurationList;
			buildConfigurations = (
				1C8EB6872D68EEB90068DDCB /* Debug */,
				1C8EB6882D68EEB90068DDCB /* Release */,
			);
			defaultConfigurationIsVisible = 0;
			defaultConfigurationName = Release;
		};
		1C8EB6892D68EEB90068DDCB /* Build configuration list for PBXNativeTarget "sleepAppTests" */ = {
			isa = XCConfigurationList;
			buildConfigurations = (
				1C8EB68A2D68EEB90068DDCB /* Debug */,
				1C8EB68B2D68EEB90068DDCB /* Release */,
			);
			defaultConfigurationIsVisible = 0;
			defaultConfigurationName = Release;
		};
		1C8EB68C2D68EEB90068DDCB /* Build configuration list for PBXNativeTarget "sleepAppUITests" */ = {
			isa = XCConfigurationList;
			buildConfigurations = (
				1C8EB68D2D68EEB90068DDCB /* Debug */,
				1C8EB68E2D68EEB90068DDCB /* Release */,
			);
			defaultConfigurationIsVisible = 0;
			defaultConfigurationName = Release;
		};
/* End XCConfigurationList section */
	};
	rootObject = 1C8EB65A2D68EEB70068DDCB /* Project object */;
}
